
Microsoft Visual Studio Solution File, Format Version 12.00
# Visual Studio Version 17
VisualStudioVersion = 17.0.31903.59
MinimumVisualStudioVersion = 10.0.40219.1
Project("{FAE04EC0-301F-11D3-BF4B-00C04F79EFBC}") = "aoc23", "aoc23.csproj", "{7B0C1B78-FDF9-4F1E-83F9-CD7C8C642A40}"
EndProject
Global
	GlobalSection(SolutionConfigurationPlatforms) = preSolution
		Debug|Any CPU = Debug|Any CPU
		Release|Any CPU = Release|Any CPU
	EndGlobalSection
	GlobalSection(SolutionProperties) = preSolution
		HideSolutionNode = FALSE
	EndGlobalSection
	GlobalSection(ProjectConfigurationPlatforms) = postSolution
		{7B0C1B78-FDF9-4F1E-83F9-CD7C8C642A40}.Debug|Any CPU.ActiveCfg = Debug|Any CPU
		{7B0C1B78-FDF9-4F1E-83F9-CD7C8C642A40}.Debug|Any CPU.Build.0 = Debug|Any CPU
		{7B0C1B78-FDF9-4F1E-83F9-CD7C8C642A40}.Release|Any CPU.ActiveCfg = Release|Any CPU
		{7B0C1B78-FDF9-4F1E-83F9-CD7C8C642A40}.Release|Any CPU.Build.0 = Release|Any CPU
	EndGlobalSection
EndGlobal
